// !$*UTF8*$!
{
	archiveVersion = 1;
	classes = {
	};
	objectVersion = 46;
	objects = {

/* Begin PBXBuildFile section */
		09A277CD4EC5787A4B8A197D /* Pods_Twitter.framework in Frameworks */ = {isa = PBXBuildFile; fileRef = 4A48DF409385D2830D3CEB41 /* Pods_Twitter.framework */; };
		B027C9111D472108002DBFDA /* FormatDateUtil.swift in Sources */ = {isa = PBXBuildFile; fileRef = B027C9101D472108002DBFDA /* FormatDateUtil.swift */; };
		B07080F41D44603E00F039AC /* GradientBlackView.swift in Sources */ = {isa = PBXBuildFile; fileRef = B07080F31D44603E00F039AC /* GradientBlackView.swift */; };
		B07080F61D446FB300F039AC /* CircleImageView.swift in Sources */ = {isa = PBXBuildFile; fileRef = B07080F51D446FB300F039AC /* CircleImageView.swift */; };
		B07080FB1D44888400F039AC /* TweetCell.swift in Sources */ = {isa = PBXBuildFile; fileRef = B07080FA1D44888400F039AC /* TweetCell.swift */; };
		B07080FD1D44F56100F039AC /* UpdateTweetViewController.swift in Sources */ = {isa = PBXBuildFile; fileRef = B07080FC1D44F56100F039AC /* UpdateTweetViewController.swift */; };
		B07080FF1D45ADCE00F039AC /* HandleUtil.swift in Sources */ = {isa = PBXBuildFile; fileRef = B07080FE1D45ADCE00F039AC /* HandleUtil.swift */; };
		B07081011D45CCEB00F039AC /* Constants.swift in Sources */ = {isa = PBXBuildFile; fileRef = B07081001D45CCEB00F039AC /* Constants.swift */; };
		B07081031D45D7D900F039AC /* DetailViewController.swift in Sources */ = {isa = PBXBuildFile; fileRef = B07081021D45D7D900F039AC /* DetailViewController.swift */; };
		B07081051D461C7700F039AC /* InfiniteScrollActivityView.swift in Sources */ = {isa = PBXBuildFile; fileRef = B07081041D461C7700F039AC /* InfiniteScrollActivityView.swift */; };
		B07EBAFC1D41FCD9009B5D3E /* AppDelegate.swift in Sources */ = {isa = PBXBuildFile; fileRef = B07EBAFB1D41FCD9009B5D3E /* AppDelegate.swift */; };
		B07EBB011D41FCD9009B5D3E /* Main.storyboard in Resources */ = {isa = PBXBuildFile; fileRef = B07EBAFF1D41FCD9009B5D3E /* Main.storyboard */; };
		B07EBB031D41FCD9009B5D3E /* Assets.xcassets in Resources */ = {isa = PBXBuildFile; fileRef = B07EBB021D41FCD9009B5D3E /* Assets.xcassets */; };
		B07EBB061D41FCD9009B5D3E /* LaunchScreen.storyboard in Resources */ = {isa = PBXBuildFile; fileRef = B07EBB041D41FCD9009B5D3E /* LaunchScreen.storyboard */; };
		B07EBB121D4270BF009B5D3E /* LoginViewController.swift in Sources */ = {isa = PBXBuildFile; fileRef = B07EBB111D4270BF009B5D3E /* LoginViewController.swift */; };
		B07EBB141D43141F009B5D3E /* User.swift in Sources */ = {isa = PBXBuildFile; fileRef = B07EBB131D43141F009B5D3E /* User.swift */; };
		B07EBB161D431436009B5D3E /* Tweet.swift in Sources */ = {isa = PBXBuildFile; fileRef = B07EBB151D431436009B5D3E /* Tweet.swift */; };
		B07EBB191D43203B009B5D3E /* TwitterClient.swift in Sources */ = {isa = PBXBuildFile; fileRef = B07EBB181D43203B009B5D3E /* TwitterClient.swift */; };
		B07EBB1B1D432D44009B5D3E /* TweetsViewController.swift in Sources */ = {isa = PBXBuildFile; fileRef = B07EBB1A1D432D44009B5D3E /* TweetsViewController.swift */; };
		B09E08691D4C38DB00FF8D15 /* HamburgerViewController.swift in Sources */ = {isa = PBXBuildFile; fileRef = B09E08681D4C38DB00FF8D15 /* HamburgerViewController.swift */; };
		B09E086B1D4C38F300FF8D15 /* ProfileUserViewController.swift in Sources */ = {isa = PBXBuildFile; fileRef = B09E086A1D4C38F300FF8D15 /* ProfileUserViewController.swift */; };
		B09E086D1D4C4F8F00FF8D15 /* MenuViewController.swift in Sources */ = {isa = PBXBuildFile; fileRef = B09E086C1D4C4F8F00FF8D15 /* MenuViewController.swift */; };
		B09E086F1D4C537000FF8D15 /* MenuCell.swift in Sources */ = {isa = PBXBuildFile; fileRef = B09E086E1D4C537000FF8D15 /* MenuCell.swift */; };
		B09E08711D4CC5D200FF8D15 /* BaseViewMenuController.swift in Sources */ = {isa = PBXBuildFile; fileRef = B09E08701D4CC5D200FF8D15 /* BaseViewMenuController.swift */; };
		B09E08731D4CEFE900FF8D15 /* UserHeaderCell.swift in Sources */ = {isa = PBXBuildFile; fileRef = B09E08721D4CEFE900FF8D15 /* UserHeaderCell.swift */; };
/* End PBXBuildFile section */

/* Begin PBXFileReference section */
		238FD69D9A0DC128F26BE6A1 /* Pods-Twitter.debug.xcconfig */ = {isa = PBXFileReference; includeInIndex = 1; lastKnownFileType = text.xcconfig; name = "Pods-Twitter.debug.xcconfig"; path = "Pods/Target Support Files/Pods-Twitter/Pods-Twitter.debug.xcconfig"; sourceTree = "<group>"; };
		4A48DF409385D2830D3CEB41 /* Pods_Twitter.framework */ = {isa = PBXFileReference; explicitFileType = wrapper.framework; includeInIndex = 0; path = Pods_Twitter.framework; sourceTree = BUILT_PRODUCTS_DIR; };
		51E02A84AD9E717800F219EA /* Pods-Twitter.release.xcconfig */ = {isa = PBXFileReference; includeInIndex = 1; lastKnownFileType = text.xcconfig; name = "Pods-Twitter.release.xcconfig"; path = "Pods/Target Support Files/Pods-Twitter/Pods-Twitter.release.xcconfig"; sourceTree = "<group>"; };
		B027C9101D472108002DBFDA /* FormatDateUtil.swift */ = {isa = PBXFileReference; fileEncoding = 4; lastKnownFileType = sourcecode.swift; path = FormatDateUtil.swift; sourceTree = "<group>"; };
		B07080F31D44603E00F039AC /* GradientBlackView.swift */ = {isa = PBXFileReference; fileEncoding = 4; lastKnownFileType = sourcecode.swift; path = GradientBlackView.swift; sourceTree = "<group>"; };
		B07080F51D446FB300F039AC /* CircleImageView.swift */ = {isa = PBXFileReference; fileEncoding = 4; lastKnownFileType = sourcecode.swift; path = CircleImageView.swift; sourceTree = "<group>"; };
		B07080FA1D44888400F039AC /* TweetCell.swift */ = {isa = PBXFileReference; fileEncoding = 4; lastKnownFileType = sourcecode.swift; path = TweetCell.swift; sourceTree = "<group>"; };
		B07080FC1D44F56100F039AC /* UpdateTweetViewController.swift */ = {isa = PBXFileReference; fileEncoding = 4; lastKnownFileType = sourcecode.swift; path = UpdateTweetViewController.swift; sourceTree = "<group>"; };
		B07080FE1D45ADCE00F039AC /* HandleUtil.swift */ = {isa = PBXFileReference; fileEncoding = 4; lastKnownFileType = sourcecode.swift; path = HandleUtil.swift; sourceTree = "<group>"; };
		B07081001D45CCEB00F039AC /* Constants.swift */ = {isa = PBXFileReference; fileEncoding = 4; lastKnownFileType = sourcecode.swift; path = Constants.swift; sourceTree = "<group>"; };
		B07081021D45D7D900F039AC /* DetailViewController.swift */ = {isa = PBXFileReference; fileEncoding = 4; lastKnownFileType = sourcecode.swift; path = DetailViewController.swift; sourceTree = "<group>"; };
		B07081041D461C7700F039AC /* InfiniteScrollActivityView.swift */ = {isa = PBXFileReference; fileEncoding = 4; lastKnownFileType = sourcecode.swift; path = InfiniteScrollActivityView.swift; sourceTree = "<group>"; };
		B07EBAF81D41FCD9009B5D3E /* Twitter.app */ = {isa = PBXFileReference; explicitFileType = wrapper.application; includeInIndex = 0; path = Twitter.app; sourceTree = BUILT_PRODUCTS_DIR; };
		B07EBAFB1D41FCD9009B5D3E /* AppDelegate.swift */ = {isa = PBXFileReference; lastKnownFileType = sourcecode.swift; path = AppDelegate.swift; sourceTree = "<group>"; };
		B07EBB001D41FCD9009B5D3E /* Base */ = {isa = PBXFileReference; lastKnownFileType = file.storyboard; name = Base; path = Base.lproj/Main.storyboard; sourceTree = "<group>"; };
		B07EBB021D41FCD9009B5D3E /* Assets.xcassets */ = {isa = PBXFileReference; lastKnownFileType = folder.assetcatalog; path = Assets.xcassets; sourceTree = "<group>"; };
		B07EBB051D41FCD9009B5D3E /* Base */ = {isa = PBXFileReference; lastKnownFileType = file.storyboard; name = Base; path = Base.lproj/LaunchScreen.storyboard; sourceTree = "<group>"; };
		B07EBB071D41FCD9009B5D3E /* Info.plist */ = {isa = PBXFileReference; lastKnownFileType = text.plist.xml; path = Info.plist; sourceTree = "<group>"; };
		B07EBB111D4270BF009B5D3E /* LoginViewController.swift */ = {isa = PBXFileReference; fileEncoding = 4; lastKnownFileType = sourcecode.swift; path = LoginViewController.swift; sourceTree = "<group>"; };
		B07EBB131D43141F009B5D3E /* User.swift */ = {isa = PBXFileReference; fileEncoding = 4; lastKnownFileType = sourcecode.swift; path = User.swift; sourceTree = "<group>"; };
		B07EBB151D431436009B5D3E /* Tweet.swift */ = {isa = PBXFileReference; fileEncoding = 4; lastKnownFileType = sourcecode.swift; path = Tweet.swift; sourceTree = "<group>"; };
		B07EBB181D43203B009B5D3E /* TwitterClient.swift */ = {isa = PBXFileReference; fileEncoding = 4; lastKnownFileType = sourcecode.swift; path = TwitterClient.swift; sourceTree = "<group>"; };
		B07EBB1A1D432D44009B5D3E /* TweetsViewController.swift */ = {isa = PBXFileReference; fileEncoding = 4; lastKnownFileType = sourcecode.swift; path = TweetsViewController.swift; sourceTree = "<group>"; };
		B09E08681D4C38DB00FF8D15 /* HamburgerViewController.swift */ = {isa = PBXFileReference; fileEncoding = 4; lastKnownFileType = sourcecode.swift; path = HamburgerViewController.swift; sourceTree = "<group>"; };
		B09E086A1D4C38F300FF8D15 /* ProfileUserViewController.swift */ = {isa = PBXFileReference; fileEncoding = 4; lastKnownFileType = sourcecode.swift; path = ProfileUserViewController.swift; sourceTree = "<group>"; };
		B09E086C1D4C4F8F00FF8D15 /* MenuViewController.swift */ = {isa = PBXFileReference; fileEncoding = 4; lastKnownFileType = sourcecode.swift; path = MenuViewController.swift; sourceTree = "<group>"; };
		B09E086E1D4C537000FF8D15 /* MenuCell.swift */ = {isa = PBXFileReference; fileEncoding = 4; lastKnownFileType = sourcecode.swift; path = MenuCell.swift; sourceTree = "<group>"; };
		B09E08701D4CC5D200FF8D15 /* BaseViewMenuController.swift */ = {isa = PBXFileReference; fileEncoding = 4; lastKnownFileType = sourcecode.swift; path = BaseViewMenuController.swift; sourceTree = "<group>"; };
		B09E08721D4CEFE900FF8D15 /* UserHeaderCell.swift */ = {isa = PBXFileReference; fileEncoding = 4; lastKnownFileType = sourcecode.swift; path = UserHeaderCell.swift; sourceTree = "<group>"; };
/* End PBXFileReference section */

/* Begin PBXFrameworksBuildPhase section */
		B07EBAF51D41FCD9009B5D3E /* Frameworks */ = {
			isa = PBXFrameworksBuildPhase;
			buildActionMask = 2147483647;
			files = (
				09A277CD4EC5787A4B8A197D /* Pods_Twitter.framework in Frameworks */,
			);
			runOnlyForDeploymentPostprocessing = 0;
		};
/* End PBXFrameworksBuildPhase section */

/* Begin PBXGroup section */
		0AC01F1C935A72477D62F71B /* Pods */ = {
			isa = PBXGroup;
			children = (
				238FD69D9A0DC128F26BE6A1 /* Pods-Twitter.debug.xcconfig */,
				51E02A84AD9E717800F219EA /* Pods-Twitter.release.xcconfig */,
			);
			name = Pods;
			sourceTree = "<group>";
		};
		B07080F21D44600500F039AC /* CustomViews */ = {
			isa = PBXGroup;
			children = (
				B07080F31D44603E00F039AC /* GradientBlackView.swift */,
				B07080F51D446FB300F039AC /* CircleImageView.swift */,
				B07081041D461C7700F039AC /* InfiniteScrollActivityView.swift */,
			);
			name = CustomViews;
			sourceTree = "<group>";
		};
		B07080F71D44880C00F039AC /* CustomCells */ = {
			isa = PBXGroup;
			children = (
				B07080FA1D44888400F039AC /* TweetCell.swift */,
				B09E086E1D4C537000FF8D15 /* MenuCell.swift */,
				B09E08721D4CEFE900FF8D15 /* UserHeaderCell.swift */,
			);
			name = CustomCells;
			sourceTree = "<group>";
		};
		B07EBAEF1D41FCD9009B5D3E = {
			isa = PBXGroup;
			children = (
				B07EBAFA1D41FCD9009B5D3E /* Twitter */,
				B07EBAF91D41FCD9009B5D3E /* Products */,
				0AC01F1C935A72477D62F71B /* Pods */,
				EDAFD290EFAD35D1020D8E9B /* Frameworks */,
			);
			sourceTree = "<group>";
		};
		B07EBAF91D41FCD9009B5D3E /* Products */ = {
			isa = PBXGroup;
			children = (
				B07EBAF81D41FCD9009B5D3E /* Twitter.app */,
			);
			name = Products;
			sourceTree = "<group>";
		};
		B07EBAFA1D41FCD9009B5D3E /* Twitter */ = {
			isa = PBXGroup;
			children = (
				B07080F71D44880C00F039AC /* CustomCells */,
				B07080F21D44600500F039AC /* CustomViews */,
				B07EBB171D432001009B5D3E /* API */,
				B07EBB0F1D4201DA009B5D3E /* Utils */,
				B07EBB0E1D4201D2009B5D3E /* Models */,
				B07EBB0D1D4201CA009B5D3E /* Controllers */,
				B07EBAFB1D41FCD9009B5D3E /* AppDelegate.swift */,
				B07EBAFF1D41FCD9009B5D3E /* Main.storyboard */,
				B07EBB021D41FCD9009B5D3E /* Assets.xcassets */,
				B07EBB041D41FCD9009B5D3E /* LaunchScreen.storyboard */,
				B07EBB071D41FCD9009B5D3E /* Info.plist */,
			);
			path = Twitter;
			sourceTree = "<group>";
		};
		B07EBB0D1D4201CA009B5D3E /* Controllers */ = {
			isa = PBXGroup;
			children = (
				B09E08701D4CC5D200FF8D15 /* BaseViewMenuController.swift */,
				B07EBB111D4270BF009B5D3E /* LoginViewController.swift */,
				B07EBB1A1D432D44009B5D3E /* TweetsViewController.swift */,
				B07080FC1D44F56100F039AC /* UpdateTweetViewController.swift */,
				B07081021D45D7D900F039AC /* DetailViewController.swift */,
				B09E08681D4C38DB00FF8D15 /* HamburgerViewController.swift */,
				B09E086A1D4C38F300FF8D15 /* ProfileUserViewController.swift */,
				B09E086C1D4C4F8F00FF8D15 /* MenuViewController.swift */,
			);
			name = Controllers;
			sourceTree = "<group>";
		};
		B07EBB0E1D4201D2009B5D3E /* Models */ = {
			isa = PBXGroup;
			children = (
				B07EBB131D43141F009B5D3E /* User.swift */,
				B07EBB151D431436009B5D3E /* Tweet.swift */,
			);
			name = Models;
			sourceTree = "<group>";
		};
		B07EBB0F1D4201DA009B5D3E /* Utils */ = {
			isa = PBXGroup;
			children = (
				B07080FE1D45ADCE00F039AC /* HandleUtil.swift */,
				B07081001D45CCEB00F039AC /* Constants.swift */,
				B027C9101D472108002DBFDA /* FormatDateUtil.swift */,
			);
			name = Utils;
			sourceTree = "<group>";
		};
		B07EBB171D432001009B5D3E /* API */ = {
			isa = PBXGroup;
			children = (
				B07EBB181D43203B009B5D3E /* TwitterClient.swift */,
			);
			name = API;
			sourceTree = "<group>";
		};
		EDAFD290EFAD35D1020D8E9B /* Frameworks */ = {
			isa = PBXGroup;
			children = (
				4A48DF409385D2830D3CEB41 /* Pods_Twitter.framework */,
			);
			name = Frameworks;
			sourceTree = "<group>";
		};
/* End PBXGroup section */

/* Begin PBXNativeTarget section */
		B07EBAF71D41FCD9009B5D3E /* Twitter */ = {
			isa = PBXNativeTarget;
			buildConfigurationList = B07EBB0A1D41FCD9009B5D3E /* Build configuration list for PBXNativeTarget "Twitter" */;
			buildPhases = (
				716534D4B5E9288EEEE371AD /* [CP] Check Pods Manifest.lock */,
				B07EBAF41D41FCD9009B5D3E /* Sources */,
				B07EBAF51D41FCD9009B5D3E /* Frameworks */,
				B07EBAF61D41FCD9009B5D3E /* Resources */,
				4495AC2705D0D246320C6E16 /* [CP] Embed Pods Frameworks */,
				43D818F4BA96497ECEE9240E /* [CP] Copy Pods Resources */,
			);
			buildRules = (
			);
			dependencies = (
			);
			name = Twitter;
			productName = Twitter;
			productReference = B07EBAF81D41FCD9009B5D3E /* Twitter.app */;
			productType = "com.apple.product-type.application";
		};
/* End PBXNativeTarget section */

/* Begin PBXProject section */
		B07EBAF01D41FCD9009B5D3E /* Project object */ = {
			isa = PBXProject;
			attributes = {
				LastSwiftUpdateCheck = 0730;
				LastUpgradeCheck = 0730;
				ORGANIZATIONNAME = thangcao;
				TargetAttributes = {
					B07EBAF71D41FCD9009B5D3E = {
						CreatedOnToolsVersion = 7.3.1;
						DevelopmentTeam = 3CC3C6G767;
					};
				};
			};
			buildConfigurationList = B07EBAF31D41FCD9009B5D3E /* Build configuration list for PBXProject "Twitter" */;
			compatibilityVersion = "Xcode 3.2";
			developmentRegion = English;
			hasScannedForEncodings = 0;
			knownRegions = (
				en,
				Base,
			);
			mainGroup = B07EBAEF1D41FCD9009B5D3E;
			productRefGroup = B07EBAF91D41FCD9009B5D3E /* Products */;
			projectDirPath = "";
			projectRoot = "";
			targets = (
				B07EBAF71D41FCD9009B5D3E /* Twitter */,
			);
		};
/* End PBXProject section */

/* Begin PBXResourcesBuildPhase section */
		B07EBAF61D41FCD9009B5D3E /* Resources */ = {
			isa = PBXResourcesBuildPhase;
			buildActionMask = 2147483647;
			files = (
				B07EBB061D41FCD9009B5D3E /* LaunchScreen.storyboard in Resources */,
				B07EBB031D41FCD9009B5D3E /* Assets.xcassets in Resources */,
				B07EBB011D41FCD9009B5D3E /* Main.storyboard in Resources */,
			);
			runOnlyForDeploymentPostprocessing = 0;
		};
/* End PBXResourcesBuildPhase section */

/* Begin PBXShellScriptBuildPhase section */
		43D818F4BA96497ECEE9240E /* [CP] Copy Pods Resources */ = {
			isa = PBXShellScriptBuildPhase;
			buildActionMask = 2147483647;
			files = (
			);
			inputPaths = (
			);
			name = "[CP] Copy Pods Resources";
			outputPaths = (
			);
			runOnlyForDeploymentPostprocessing = 0;
			shellPath = /bin/sh;
			shellScript = "\"${SRCROOT}/Pods/Target Support Files/Pods-Twitter/Pods-Twitter-resources.sh\"\n";
			showEnvVarsInLog = 0;
		};
		4495AC2705D0D246320C6E16 /* [CP] Embed Pods Frameworks */ = {
			isa = PBXShellScriptBuildPhase;
			buildActionMask = 2147483647;
			files = (
			);
			inputPaths = (
			);
			name = "[CP] Embed Pods Frameworks";
			outputPaths = (
			);
			runOnlyForDeploymentPostprocessing = 0;
			shellPath = /bin/sh;
			shellScript = "\"${SRCROOT}/Pods/Target Support Files/Pods-Twitter/Pods-Twitter-frameworks.sh\"\n";
			showEnvVarsInLog = 0;
		};
		716534D4B5E9288EEEE371AD /* [CP] Check Pods Manifest.lock */ = {
			isa = PBXShellScriptBuildPhase;
			buildActionMask = 2147483647;
			files = (
			);
			inputPaths = (
			);
			name = "[CP] Check Pods Manifest.lock";
			outputPaths = (
			);
			runOnlyForDeploymentPostprocessing = 0;
			shellPath = /bin/sh;
			shellScript = "diff \"${PODS_ROOT}/../Podfile.lock\" \"${PODS_ROOT}/Manifest.lock\" > /dev/null\nif [[ $? != 0 ]] ; then\n    cat << EOM\nerror: The sandbox is not in sync with the Podfile.lock. Run 'pod install' or update your CocoaPods installation.\nEOM\n    exit 1\nfi\n";
			showEnvVarsInLog = 0;
		};
/* End PBXShellScriptBuildPhase section */

/* Begin PBXSourcesBuildPhase section */
		B07EBAF41D41FCD9009B5D3E /* Sources */ = {
			isa = PBXSourcesBuildPhase;
			buildActionMask = 2147483647;
			files = (
				B07081031D45D7D900F039AC /* DetailViewController.swift in Sources */,
				B07080F61D446FB300F039AC /* CircleImageView.swift in Sources */,
				B07EBB191D43203B009B5D3E /* TwitterClient.swift in Sources */,
				B07080FF1D45ADCE00F039AC /* HandleUtil.swift in Sources */,
				B07EBB121D4270BF009B5D3E /* LoginViewController.swift in Sources */,
				B07080FB1D44888400F039AC /* TweetCell.swift in Sources */,
				B07EBB1B1D432D44009B5D3E /* TweetsViewController.swift in Sources */,
				B09E08691D4C38DB00FF8D15 /* HamburgerViewController.swift in Sources */,
				B07EBAFC1D41FCD9009B5D3E /* AppDelegate.swift in Sources */,
				B09E08731D4CEFE900FF8D15 /* UserHeaderCell.swift in Sources */,
				B07081051D461C7700F039AC /* InfiniteScrollActivityView.swift in Sources */,
				B07080F41D44603E00F039AC /* GradientBlackView.swift in Sources */,
				B09E086B1D4C38F300FF8D15 /* ProfileUserViewController.swift in Sources */,
				B07EBB141D43141F009B5D3E /* User.swift in Sources */,
				B09E086D1D4C4F8F00FF8D15 /* MenuViewController.swift in Sources */,
				B07EBB161D431436009B5D3E /* Tweet.swift in Sources */,
				B07080FD1D44F56100F039AC /* UpdateTweetViewController.swift in Sources */,
				B07081011D45CCEB00F039AC /* Constants.swift in Sources */,
				B027C9111D472108002DBFDA /* FormatDateUtil.swift in Sources */,
				B09E08711D4CC5D200FF8D15 /* BaseViewMenuController.swift in Sources */,
				B09E086F1D4C537000FF8D15 /* MenuCell.swift in Sources */,
			);
			runOnlyForDeploymentPostprocessing = 0;
		};
/* End PBXSourcesBuildPhase section */

/* Begin PBXVariantGroup section */
		B07EBAFF1D41FCD9009B5D3E /* Main.storyboard */ = {
			isa = PBXVariantGroup;
			children = (
				B07EBB001D41FCD9009B5D3E /* Base */,
			);
			name = Main.storyboard;
			sourceTree = "<group>";
		};
		B07EBB041D41FCD9009B5D3E /* LaunchScreen.storyboard */ = {
			isa = PBXVariantGroup;
			children = (
				B07EBB051D41FCD9009B5D3E /* Base */,
			);
			name = LaunchScreen.storyboard;
			sourceTree = "<group>";
		};
/* End PBXVariantGroup section */

/* Begin XCBuildConfiguration section */
		B07EBB081D41FCD9009B5D3E /* Debug */ = {
			isa = XCBuildConfiguration;
			buildSettings = {
				ALWAYS_SEARCH_USER_PATHS = NO;
				CLANG_ANALYZER_NONNULL = YES;
				CLANG_CXX_LANGUAGE_STANDARD = "gnu++0x";
				CLANG_CXX_LIBRARY = "libc++";
				CLANG_ENABLE_MODULES = YES;
				CLANG_ENABLE_OBJC_ARC = YES;
				CLANG_WARN_BOOL_CONVERSION = YES;
				CLANG_WARN_CONSTANT_CONVERSION = YES;
				CLANG_WARN_DIRECT_OBJC_ISA_USAGE = YES_ERROR;
				CLANG_WARN_EMPTY_BODY = YES;
				CLANG_WARN_ENUM_CONVERSION = YES;
				CLANG_WARN_INT_CONVERSION = YES;
				CLANG_WARN_OBJC_ROOT_CLASS = YES_ERROR;
				CLANG_WARN_UNREACHABLE_CODE = YES;
				CLANG_WARN__DUPLICATE_METHOD_MATCH = YES;
				"CODE_SIGN_IDENTITY[sdk=iphoneos*]" = "iPhone Developer";
				COPY_PHASE_STRIP = NO;
				DEBUG_INFORMATION_FORMAT = dwarf;
				ENABLE_STRICT_OBJC_MSGSEND = YES;
				ENABLE_TESTABILITY = YES;
				GCC_C_LANGUAGE_STANDARD = gnu99;
				GCC_DYNAMIC_NO_PIC = NO;
				GCC_NO_COMMON_BLOCKS = YES;
				GCC_OPTIMIZATION_LEVEL = 0;
				GCC_PREPROCESSOR_DEFINITIONS = (
					"DEBUG=1",
					"$(inherited)",
				);
				GCC_WARN_64_TO_32_BIT_CONVERSION = YES;
				GCC_WARN_ABOUT_RETURN_TYPE = YES_ERROR;
				GCC_WARN_UNDECLARED_SELECTOR = YES;
				GCC_WARN_UNINITIALIZED_AUTOS = YES_AGGRESSIVE;
				GCC_WARN_UNUSED_FUNCTION = YES;
				GCC_WARN_UNUSED_VARIABLE = YES;
				IPHONEOS_DEPLOYMENT_TARGET = 9.3;
				MTL_ENABLE_DEBUG_INFO = YES;
				ONLY_ACTIVE_ARCH = YES;
				SDKROOT = iphoneos;
				SWIFT_OPTIMIZATION_LEVEL = "-Onone";
			};
			name = Debug;
		};
		B07EBB091D41FCD9009B5D3E /* Release */ = {
			isa = XCBuildConfiguration;
			buildSettings = {
				ALWAYS_SEARCH_USER_PATHS = NO;
				CLANG_ANALYZER_NONNULL = YES;
				CLANG_CXX_LANGUAGE_STANDARD = "gnu++0x";
				CLANG_CXX_LIBRARY = "libc++";
				CLANG_ENABLE_MODULES = YES;
				CLANG_ENABLE_OBJC_ARC = YES;
				CLANG_WARN_BOOL_CONVERSION = YES;
				CLANG_WARN_CONSTANT_CONVERSION = YES;
				CLANG_WARN_DIRECT_OBJC_ISA_USAGE = YES_ERROR;
				CLANG_WARN_EMPTY_BODY = YES;
				CLANG_WARN_ENUM_CONVERSION = YES;
				CLANG_WARN_INT_CONVERSION = YES;
				CLANG_WARN_OBJC_ROOT_CLASS = YES_ERROR;
				CLANG_WARN_UNREACHABLE_CODE = YES;
				CLANG_WARN__DUPLICATE_METHOD_MATCH = YES;
				"CODE_SIGN_IDENTITY[sdk=iphoneos*]" = "iPhone Developer";
				COPY_PHASE_STRIP = NO;
				DEBUG_INFORMATION_FORMAT = "dwarf-with-dsym";
				ENABLE_NS_ASSERTIONS = NO;
				ENABLE_STRICT_OBJC_MSGSEND = YES;
				GCC_C_LANGUAGE_STANDARD = gnu99;
				GCC_NO_COMMON_BLOCKS = YES;
				GCC_WARN_64_TO_32_BIT_CONVERSION = YES;
				GCC_WARN_ABOUT_RETURN_TYPE = YES_ERROR;
				GCC_WARN_UNDECLARED_SELECTOR = YES;
				GCC_WARN_UNINITIALIZED_AUTOS = YES_AGGRESSIVE;
				GCC_WARN_UNUSED_FUNCTION = YES;
				GCC_WARN_UNUSED_VARIABLE = YES;
				IPHONEOS_DEPLOYMENT_TARGET = 9.3;
				MTL_ENABLE_DEBUG_INFO = NO;
				SDKROOT = iphoneos;
				VALIDATE_PRODUCT = YES;
			};
			name = Release;
		};
		B07EBB0B1D41FCD9009B5D3E /* Debug */ = {
			isa = XCBuildConfiguration;
			baseConfigurationReference = 238FD69D9A0DC128F26BE6A1 /* Pods-Twitter.debug.xcconfig */;
			buildSettings = {
				ASSETCATALOG_COMPILER_APPICON_NAME = AppIcon;
				INFOPLIST_FILE = Twitter/Info.plist;
				LD_RUNPATH_SEARCH_PATHS = "$(inherited) @executable_path/Frameworks";
				PRODUCT_BUNDLE_IDENTIFIER = com.thangcao.Twitter;
				PRODUCT_NAME = "$(TARGET_NAME)";
			};
			name = Debug;
		};
		B07EBB0C1D41FCD9009B5D3E /* Release */ = {
			isa = XCBuildConfiguration;
			baseConfigurationReference = 51E02A84AD9E717800F219EA /* Pods-Twitter.release.xcconfig */;
			buildSettings = {
				ASSETCATALOG_COMPILER_APPICON_NAME = AppIcon;
				INFOPLIST_FILE = Twitter/Info.plist;
				LD_RUNPATH_SEARCH_PATHS = "$(inherited) @executable_path/Frameworks";
				PRODUCT_BUNDLE_IDENTIFIER = com.thangcao.Twitter;
				PRODUCT_NAME = "$(TARGET_NAME)";
			};
			name = Release;
		};
/* End XCBuildConfiguration section */

/* Begin XCConfigurationList section */
		B07EBAF31D41FCD9009B5D3E /* Build configuration list for PBXProject "Twitter" */ = {
			isa = XCConfigurationList;
			buildConfigurations = (
				B07EBB081D41FCD9009B5D3E /* Debug */,
				B07EBB091D41FCD9009B5D3E /* Release */,
			);
			defaultConfigurationIsVisible = 0;
			defaultConfigurationName = Release;
		};
		B07EBB0A1D41FCD9009B5D3E /* Build configuration list for PBXNativeTarget "Twitter" */ = {
			isa = XCConfigurationList;
			buildConfigurations = (
				B07EBB0B1D41FCD9009B5D3E /* Debug */,
				B07EBB0C1D41FCD9009B5D3E /* Release */,
			);
			defaultConfigurationIsVisible = 0;
			defaultConfigurationName = Release;
		};
/* End XCConfigurationList section */
	};
	rootObject = B07EBAF01D41FCD9009B5D3E /* Project object */;
}
